
Microsoft Visual Studio Solution File, Format Version 12.00
# Visual Studio Version 17
VisualStudioVersion = 17.0.31903.59
MinimumVisualStudioVersion = 10.0.40219.1
Project("{2150E333-8FDC-42A3-9474-1A3956D46DE8}") = "src", "src", "{827E0CD3-B72D-47B6-A68D-7590B98EB39B}"
EndProject
Project("{FAE04EC0-301F-11D3-BF4B-00C04F79EFBC}") = "OpenFlightDisplay.Core", "src\OpenFlightDisplay.Core\OpenFlightDisplay.Core.csproj", "{EAC6EC9E-AA92-4D92-A69C-8DE47E545581}"
EndProject
Project("{2150E333-8FDC-42A3-9474-1A3956D46DE8}") = "tests", "tests", "{0AB3BF05-4346-4AA6-1389-037BE0695223}"
EndProject
Project("{FAE04EC0-301F-11D3-BF4B-00C04F79EFBC}") = "OpenFlightDisplay.Core.Tests", "tests\OpenFlightDisplay.Core.Tests\OpenFlightDisplay.Core.Tests.csproj", "{2CA89CB9-9E43-438D-A266-1E43440E0617}"
EndProject
Project("{FAE04EC0-301F-11D3-BF4B-00C04F79EFBC}") = "OpenFlightDisplay.Providers", "src\OpenFlightDisplay.Providers\OpenFlightDisplay.Providers.csproj", "{1DBBB485-B9CF-40F2-86BB-DE0702289111}"
EndProject
Project("{FAE04EC0-301F-11D3-BF4B-00C04F79EFBC}") = "OpenFlightDisplay.Providers.Tests", "tests\OpenFlightDisplay.Providers.Tests\OpenFlightDisplay.Providers.Tests.csproj", "{6FA8D39A-51AF-480B-A329-A46045D0BC70}"
EndProject
Project("{FAE04EC0-301F-11D3-BF4B-00C04F79EFBC}") = "OpenFlightDisplay.App", "src\OpenFlightDisplay.App\OpenFlightDisplay.App.csproj", "{331D6ED8-C047-4ED9-BC68-3E0DE70B4B4C}"
EndProject
Project("{FAE04EC0-301F-11D3-BF4B-00C04F79EFBC}") = "OpenFlightDisplay.Infrastructure", "src\OpenFlightDisplay.Infrastructure\OpenFlightDisplay.Infrastructure.csproj", "{226B5173-E5B4-4A4D-A3B6-3DF743FCF578}"
EndProject
Project("{FAE04EC0-301F-11D3-BF4B-00C04F79EFBC}") = "OpenFlightDisplay.Infrastructure.Tests", "tests\OpenFlightDisplay.Infrastructure.Tests\OpenFlightDisplay.Infrastructure.Tests.csproj", "{8260A360-BC1B-4DF4-92F3-98C1B30694F2}"
EndProject
Project("{FAE04EC0-301F-11D3-BF4B-00C04F79EFBC}") = "OpenFlightDisplay.Persistence", "src\OpenFlightDisplay.Persistence\OpenFlightDisplay.Persistence.csproj", "{EE2F5235-8EFF-493F-8671-5ED243643513}"
EndProject
Project("{FAE04EC0-301F-11D3-BF4B-00C04F79EFBC}") = "OpenFlightDisplay.Persistence.Tests", "tests\OpenFlightDisplay.Persistence.Tests\OpenFlightDisplay.Persistence.Tests.csproj", "{DEC14EF3-6D06-4569-A03D-78535FC9030F}"
EndProject
Project("{FAE04EC0-301F-11D3-BF4B-00C04F79EFBC}") = "OpenFlightDisplay.App.Tests", "tests\OpenFlightDisplay.App.Tests\OpenFlightDisplay.App.Tests.csproj", "{649F5548-7D5C-4916-AE6E-E9B26D133182}"
EndProject
Global
	GlobalSection(SolutionConfigurationPlatforms) = preSolution
		Debug|Any CPU = Debug|Any CPU
		Debug|x64 = Debug|x64
		Debug|x86 = Debug|x86
		Release|Any CPU = Release|Any CPU
		Release|x64 = Release|x64
		Release|x86 = Release|x86
	EndGlobalSection
	GlobalSection(ProjectConfigurationPlatforms) = postSolution
		{EAC6EC9E-AA92-4D92-A69C-8DE47E545581}.Debug|Any CPU.ActiveCfg = Debug|Any CPU
		{EAC6EC9E-AA92-4D92-A69C-8DE47E545581}.Debug|Any CPU.Build.0 = Debug|Any CPU
		{EAC6EC9E-AA92-4D92-A69C-8DE47E545581}.Debug|x64.ActiveCfg = Debug|Any CPU
		{EAC6EC9E-AA92-4D92-A69C-8DE47E545581}.Debug|x64.Build.0 = Debug|Any CPU
		{EAC6EC9E-AA92-4D92-A69C-8DE47E545581}.Debug|x86.ActiveCfg = Debug|Any CPU
		{EAC6EC9E-AA92-4D92-A69C-8DE47E545581}.Debug|x86.Build.0 = Debug|Any CPU
		{EAC6EC9E-AA92-4D92-A69C-8DE47E545581}.Release|Any CPU.ActiveCfg = Release|Any CPU
		{EAC6EC9E-AA92-4D92-A69C-8DE47E545581}.Release|Any CPU.Build.0 = Release|Any CPU
		{EAC6EC9E-AA92-4D92-A69C-8DE47E545581}.Release|x64.ActiveCfg = Release|Any CPU
		{EAC6EC9E-AA92-4D92-A69C-8DE47E545581}.Release|x64.Build.0 = Release|Any CPU
		{EAC6EC9E-AA92-4D92-A69C-8DE47E545581}.Release|x86.ActiveCfg = Release|Any CPU
		{EAC6EC9E-AA92-4D92-A69C-8DE47E545581}.Release|x86.Build.0 = Release|Any CPU
		{2CA89CB9-9E43-438D-A266-1E43440E0617}.Debug|Any CPU.ActiveCfg = Debug|Any CPU
		{2CA89CB9-9E43-438D-A266-1E43440E0617}.Debug|Any CPU.Build.0 = Debug|Any CPU
		{2CA89CB9-9E43-438D-A266-1E43440E0617}.Debug|x64.ActiveCfg = Debug|Any CPU
		{2CA89CB9-9E43-438D-A266-1E43440E0617}.Debug|x64.Build.0 = Debug|Any CPU
		{2CA89CB9-9E43-438D-A266-1E43440E0617}.Debug|x86.ActiveCfg = Debug|Any CPU
		{2CA89CB9-9E43-438D-A266-1E43440E0617}.Debug|x86.Build.0 = Debug|Any CPU
		{2CA89CB9-9E43-438D-A266-1E43440E0617}.Release|Any CPU.ActiveCfg = Release|Any CPU
		{2CA89CB9-9E43-438D-A266-1E43440E0617}.Release|Any CPU.Build.0 = Release|Any CPU
		{2CA89CB9-9E43-438D-A266-1E43440E0617}.Release|x64.ActiveCfg = Release|Any CPU
		{2CA89CB9-9E43-438D-A266-1E43440E0617}.Release|x64.Build.0 = Release|Any CPU
		{2CA89CB9-9E43-438D-A266-1E43440E0617}.Release|x86.ActiveCfg = Release|Any CPU
		{2CA89CB9-9E43-438D-A266-1E43440E0617}.Release|x86.Build.0 = Release|Any CPU
		{1DBBB485-B9CF-40F2-86BB-DE0702289111}.Debug|Any CPU.ActiveCfg = Debug|Any CPU
		{1DBBB485-B9CF-40F2-86BB-DE0702289111}.Debug|Any CPU.Build.0 = Debug|Any CPU
		{1DBBB485-B9CF-40F2-86BB-DE0702289111}.Debug|x64.ActiveCfg = Debug|Any CPU
		{1DBBB485-B9CF-40F2-86BB-DE0702289111}.Debug|x64.Build.0 = Debug|Any CPU
		{1DBBB485-B9CF-40F2-86BB-DE0702289111}.Debug|x86.ActiveCfg = Debug|Any CPU
		{1DBBB485-B9CF-40F2-86BB-DE0702289111}.Debug|x86.Build.0 = Debug|Any CPU
		{1DBBB485-B9CF-40F2-86BB-DE0702289111}.Release|Any CPU.ActiveCfg = Release|Any CPU
		{1DBBB485-B9CF-40F2-86BB-DE0702289111}.Release|Any CPU.Build.0 = Release|Any CPU
		{1DBBB485-B9CF-40F2-86BB-DE0702289111}.Release|x64.ActiveCfg = Release|Any CPU
		{1DBBB485-B9CF-40F2-86BB-DE0702289111}.Release|x64.Build.0 = Release|Any CPU
		{1DBBB485-B9CF-40F2-86BB-DE0702289111}.Release|x86.ActiveCfg = Release|Any CPU
		{1DBBB485-B9CF-40F2-86BB-DE0702289111}.Release|x86.Build.0 = Release|Any CPU
		{6FA8D39A-51AF-480B-A329-A46045D0BC70}.Debug|Any CPU.ActiveCfg = Debug|Any CPU
		{6FA8D39A-51AF-480B-A329-A46045D0BC70}.Debug|Any CPU.Build.0 = Debug|Any CPU
		{6FA8D39A-51AF-480B-A329-A46045D0BC70}.Debug|x64.ActiveCfg = Debug|Any CPU
		{6FA8D39A-51AF-480B-A329-A46045D0BC70}.Debug|x64.Build.0 = Debug|Any CPU
		{6FA8D39A-51AF-480B-A329-A46045D0BC70}.Debug|x86.ActiveCfg = Debug|Any CPU
		{6FA8D39A-51AF-480B-A329-A46045D0BC70}.Debug|x86.Build.0 = Debug|Any CPU
		{6FA8D39A-51AF-480B-A329-A46045D0BC70}.Release|Any CPU.ActiveCfg = Release|Any CPU
		{6FA8D39A-51AF-480B-A329-A46045D0BC70}.Release|Any CPU.Build.0 = Release|Any CPU
		{6FA8D39A-51AF-480B-A329-A46045D0BC70}.Release|x64.ActiveCfg = Release|Any CPU
		{6FA8D39A-51AF-480B-A329-A46045D0BC70}.Release|x64.Build.0 = Release|Any CPU
		{6FA8D39A-51AF-480B-A329-A46045D0BC70}.Release|x86.ActiveCfg = Release|Any CPU
		{6FA8D39A-51AF-480B-A329-A46045D0BC70}.Release|x86.Build.0 = Release|Any CPU
		{331D6ED8-C047-4ED9-BC68-3E0DE70B4B4C}.Debug|Any CPU.ActiveCfg = Debug|x86
		{331D6ED8-C047-4ED9-BC68-3E0DE70B4B4C}.Debug|Any CPU.Build.0 = Debug|x86
		{331D6ED8-C047-4ED9-BC68-3E0DE70B4B4C}.Debug|x64.ActiveCfg = Debug|x64
		{331D6ED8-C047-4ED9-BC68-3E0DE70B4B4C}.Debug|x64.Build.0 = Debug|x64
		{331D6ED8-C047-4ED9-BC68-3E0DE70B4B4C}.Debug|x86.ActiveCfg = Debug|x86
		{331D6ED8-C047-4ED9-BC68-3E0DE70B4B4C}.Debug|x86.Build.0 = Debug|x86
		{331D6ED8-C047-4ED9-BC68-3E0DE70B4B4C}.Release|Any CPU.ActiveCfg = Release|x86
		{331D6ED8-C047-4ED9-BC68-3E0DE70B4B4C}.Release|Any CPU.Build.0 = Release|x86
		{331D6ED8-C047-4ED9-BC68-3E0DE70B4B4C}.Release|x64.ActiveCfg = Release|x64
		{331D6ED8-C047-4ED9-BC68-3E0DE70B4B4C}.Release|x64.Build.0 = Release|x64
		{331D6ED8-C047-4ED9-BC68-3E0DE70B4B4C}.Release|x86.ActiveCfg = Release|x86
		{331D6ED8-C047-4ED9-BC68-3E0DE70B4B4C}.Release|x86.Build.0 = Release|x86
		{226B5173-E5B4-4A4D-A3B6-3DF743FCF578}.Debug|Any CPU.ActiveCfg = Debug|Any CPU
		{226B5173-E5B4-4A4D-A3B6-3DF743FCF578}.Debug|Any CPU.Build.0 = Debug|Any CPU
		{226B5173-E5B4-4A4D-A3B6-3DF743FCF578}.Debug|x64.ActiveCfg = Debug|Any CPU
		{226B5173-E5B4-4A4D-A3B6-3DF743FCF578}.Debug|x64.Build.0 = Debug|Any CPU
		{226B5173-E5B4-4A4D-A3B6-3DF743FCF578}.Debug|x86.ActiveCfg = Debug|Any CPU
		{226B5173-E5B4-4A4D-A3B6-3DF743FCF578}.Debug|x86.Build.0 = Debug|Any CPU
		{226B5173-E5B4-4A4D-A3B6-3DF743FCF578}.Release|Any CPU.ActiveCfg = Release|Any CPU
		{226B5173-E5B4-4A4D-A3B6-3DF743FCF578}.Release|Any CPU.Build.0 = Release|Any CPU
		{226B5173-E5B4-4A4D-A3B6-3DF743FCF578}.Release|x64.ActiveCfg = Release|Any CPU
		{226B5173-E5B4-4A4D-A3B6-3DF743FCF578}.Release|x64.Build.0 = Release|Any CPU
		{226B5173-E5B4-4A4D-A3B6-3DF743FCF578}.Release|x86.ActiveCfg = Release|Any CPU
		{226B5173-E5B4-4A4D-A3B6-3DF743FCF578}.Release|x86.Build.0 = Release|Any CPU
		{8260A360-BC1B-4DF4-92F3-98C1B30694F2}.Debug|Any CPU.ActiveCfg = Debug|Any CPU
		{8260A360-BC1B-4DF4-92F3-98C1B30694F2}.Debug|Any CPU.Build.0 = Debug|Any CPU
		{8260A360-BC1B-4DF4-92F3-98C1B30694F2}.Debug|x64.ActiveCfg = Debug|Any CPU
		{8260A360-BC1B-4DF4-92F3-98C1B30694F2}.Debug|x64.Build.0 = Debug|Any CPU
		{8260A360-BC1B-4DF4-92F3-98C1B30694F2}.Debug|x86.ActiveCfg = Debug|Any CPU
		{8260A360-BC1B-4DF4-92F3-98C1B30694F2}.Debug|x86.Build.0 = Debug|Any CPU
		{8260A360-BC1B-4DF4-92F3-98C1B30694F2}.Release|Any CPU.ActiveCfg = Release|Any CPU
		{8260A360-BC1B-4DF4-92F3-98C1B30694F2}.Release|Any CPU.Build.0 = Release|Any CPU
		{8260A360-BC1B-4DF4-92F3-98C1B30694F2}.Release|x64.ActiveCfg = Release|Any CPU
		{8260A360-BC1B-4DF4-92F3-98C1B30694F2}.Release|x64.Build.0 = Release|Any CPU
		{8260A360-BC1B-4DF4-92F3-98C1B30694F2}.Release|x86.ActiveCfg = Release|Any CPU
		{8260A360-BC1B-4DF4-92F3-98C1B30694F2}.Release|x86.Build.0 = Release|Any CPU
		{EE2F5235-8EFF-493F-8671-5ED243643513}.Debug|Any CPU.ActiveCfg = Debug|Any CPU
		{EE2F5235-8EFF-493F-8671-5ED243643513}.Debug|Any CPU.Build.0 = Debug|Any CPU
		{EE2F5235-8EFF-493F-8671-5ED243643513}.Debug|x64.ActiveCfg = Debug|Any CPU
		{EE2F5235-8EFF-493F-8671-5ED243643513}.Debug|x64.Build.0 = Debug|Any CPU
		{EE2F5235-8EFF-493F-8671-5ED243643513}.Debug|x86.ActiveCfg = Debug|Any CPU
		{EE2F5235-8EFF-493F-8671-5ED243643513}.Debug|x86.Build.0 = Debug|Any CPU
		{EE2F5235-8EFF-493F-8671-5ED243643513}.Release|Any CPU.ActiveCfg = Release|Any CPU
		{EE2F5235-8EFF-493F-8671-5ED243643513}.Release|Any CPU.Build.0 = Release|Any CPU
		{EE2F5235-8EFF-493F-8671-5ED243643513}.Release|x64.ActiveCfg = Release|Any CPU
		{EE2F5235-8EFF-493F-8671-5ED243643513}.Release|x64.Build.0 = Release|Any CPU
		{EE2F5235-8EFF-493F-8671-5ED243643513}.Release|x86.ActiveCfg = Release|Any CPU
		{EE2F5235-8EFF-493F-8671-5ED243643513}.Release|x86.Build.0 = Release|Any CPU
		{DEC14EF3-6D06-4569-A03D-78535FC9030F}.Debug|Any CPU.ActiveCfg = Debug|Any CPU
		{DEC14EF3-6D06-4569-A03D-78535FC9030F}.Debug|Any CPU.Build.0 = Debug|Any CPU
		{DEC14EF3-6D06-4569-A03D-78535FC9030F}.Debug|x64.ActiveCfg = Debug|Any CPU
		{DEC14EF3-6D06-4569-A03D-78535FC9030F}.Debug|x64.Build.0 = Debug|Any CPU
		{DEC14EF3-6D06-4569-A03D-78535FC9030F}.Debug|x86.ActiveCfg = Debug|Any CPU
		{DEC14EF3-6D06-4569-A03D-78535FC9030F}.Debug|x86.Build.0 = Debug|Any CPU
		{DEC14EF3-6D06-4569-A03D-78535FC9030F}.Release|Any CPU.ActiveCfg = Release|Any CPU
		{DEC14EF3-6D06-4569-A03D-78535FC9030F}.Release|Any CPU.Build.0 = Release|Any CPU
		{DEC14EF3-6D06-4569-A03D-78535FC9030F}.Release|x64.ActiveCfg = Release|Any CPU
		{DEC14EF3-6D06-4569-A03D-78535FC9030F}.Release|x64.Build.0 = Release|Any CPU
		{DEC14EF3-6D06-4569-A03D-78535FC9030F}.Release|x86.ActiveCfg = Release|Any CPU
		{DEC14EF3-6D06-4569-A03D-78535FC9030F}.Release|x86.Build.0 = Release|Any CPU
		{649F5548-7D5C-4916-AE6E-E9B26D133182}.Debug|Any CPU.ActiveCfg = Debug|x64
		{649F5548-7D5C-4916-AE6E-E9B26D133182}.Debug|Any CPU.Build.0 = Debug|x64
		{649F5548-7D5C-4916-AE6E-E9B26D133182}.Debug|x64.ActiveCfg = Debug|x64
		{649F5548-7D5C-4916-AE6E-E9B26D133182}.Debug|x64.Build.0 = Debug|x64
		{649F5548-7D5C-4916-AE6E-E9B26D133182}.Debug|x86.ActiveCfg = Debug|x64
		{649F5548-7D5C-4916-AE6E-E9B26D133182}.Debug|x86.Build.0 = Debug|x64
		{649F5548-7D5C-4916-AE6E-E9B26D133182}.Release|Any CPU.ActiveCfg = Release|x64
		{649F5548-7D5C-4916-AE6E-E9B26D133182}.Release|Any CPU.Build.0 = Release|x64
		{649F5548-7D5C-4916-AE6E-E9B26D133182}.Release|x64.ActiveCfg = Release|x64
		{649F5548-7D5C-4916-AE6E-E9B26D133182}.Release|x64.Build.0 = Release|x64
		{649F5548-7D5C-4916-AE6E-E9B26D133182}.Release|x86.ActiveCfg = Release|x64
		{649F5548-7D5C-4916-AE6E-E9B26D133182}.Release|x86.Build.0 = Release|x64
	EndGlobalSection
	GlobalSection(SolutionProperties) = preSolution
		HideSolutionNode = FALSE
	EndGlobalSection
	GlobalSection(NestedProjects) = preSolution
		{EAC6EC9E-AA92-4D92-A69C-8DE47E545581} = {827E0CD3-B72D-47B6-A68D-7590B98EB39B}
		{2CA89CB9-9E43-438D-A266-1E43440E0617} = {0AB3BF05-4346-4AA6-1389-037BE0695223}
		{1DBBB485-B9CF-40F2-86BB-DE0702289111} = {827E0CD3-B72D-47B6-A68D-7590B98EB39B}
		{6FA8D39A-51AF-480B-A329-A46045D0BC70} = {0AB3BF05-4346-4AA6-1389-037BE0695223}
		{331D6ED8-C047-4ED9-BC68-3E0DE70B4B4C} = {827E0CD3-B72D-47B6-A68D-7590B98EB39B}
		{226B5173-E5B4-4A4D-A3B6-3DF743FCF578} = {827E0CD3-B72D-47B6-A68D-7590B98EB39B}
		{8260A360-BC1B-4DF4-92F3-98C1B30694F2} = {0AB3BF05-4346-4AA6-1389-037BE0695223}
		{EE2F5235-8EFF-493F-8671-5ED243643513} = {827E0CD3-B72D-47B6-A68D-7590B98EB39B}
		{DEC14EF3-6D06-4569-A03D-78535FC9030F} = {0AB3BF05-4346-4AA6-1389-037BE0695223}
		{649F5548-7D5C-4916-AE6E-E9B26D133182} = {0AB3BF05-4346-4AA6-1389-037BE0695223}
	EndGlobalSection
EndGlobal
